{
  "originHash" : "36789e50b9c95fb5805fec52021821aa8ed75712ea48f842e0f9502b935c3e11",
  "pins" : [
    {
      "identity" : "snapkit",
      "kind" : "remoteSourceControl",
      "location" : "https://github.com/SnapKit/SnapKit",
      "state" : {
        "revision" : "2842e6e84e82eb9a8dac0100ca90d9444b0307f4",
        "version" : "5.7.1"
      }
    },
    {
      "identity" : "telloswift",
      "kind" : "remoteSourceControl",
      "location" : "https://github.com/bgromov/TelloSwift.git",
      "state" : {
        "branch" : "master",
        "revision" : "06cfb548de787ba373472df381ee49224d2ca89c"
      }
    },
    {
      "identity" : "transformswift",
      "kind" : "remoteSourceControl",
      "location" : "https://github.com/bgromov/TransformSwift.git",
      "state" : {
        "revision" : "738b82a2a800e2188c4ea0e6dce0c963c6143ba4",
        "version" : "0.1.0"
      }
    }
  ],
  "version" : 3
}
